
Microsoft Visual Studio Solution File, Format Version 12.00
# Visual Studio 14
VisualStudioVersion = 14.0.25123.0
MinimumVisualStudioVersion = 10.0.40219.1
Project("{FAE04EC0-301F-11D3-BF4B-00C04F79EFBC}") = "ONE", "ONE\ONE.csproj", "{9C8AEF62-2569-4C7A-9956-5E326ADC9DCD}"
EndProject
Project("{2150E333-8FDC-42A3-9474-1A3956D46DE8}") = "Lib", "Lib", "{CE18EC6D-6CD5-43F9-AF47-F95AF9CA0061}"
EndProject
Project("{FAE04EC0-301F-11D3-BF4B-00C04F79EFBC}") = "One.DbAccess", "One.DbAccess\One.DbAccess.csproj", "{923C59A0-8B09-465E-9D73-3D7A674ADF96}"
EndProject
Project("{FAE04EC0-301F-11D3-BF4B-00C04F79EFBC}") = "One.Domain", "One.Domain\One.Domain.csproj", "{EE193313-B499-4DF8-8729-34F25B644917}"
EndProject
Project("{FAE04EC0-301F-11D3-BF4B-00C04F79EFBC}") = "One.DbService", "One.DbService\One.DbService.csproj", "{C9BCD5A1-D684-4029-90B0-A65A6B72706F}"
EndProject
Project("{FAE04EC0-301F-11D3-BF4B-00C04F79EFBC}") = "One.Bo", "One.Bo\One.Bo.csproj", "{098CF66C-68A6-462D-8650-E571A0251F41}"
EndProject
Project("{2150E333-8FDC-42A3-9474-1A3956D46DE8}") = "Test", "Test", "{293D9E3F-9358-454C-9858-E2538464C3E3}"
EndProject
Project("{FAE04EC0-301F-11D3-BF4B-00C04F79EFBC}") = "One.Test", "One.Test\One.Test.csproj", "{5E8A1B98-2BE4-4AE6-8B54-6C847702D5AD}"
EndProject
Project("{FAE04EC0-301F-11D3-BF4B-00C04F79EFBC}") = "One.AutomationTest", "One.AutomationTest\One.AutomationTest.csproj", "{BB80BED3-91B3-4B07-B8FC-FF7B4DF5FD91}"
EndProject
Project("{FAE04EC0-301F-11D3-BF4B-00C04F79EFBC}") = "One.Test.Mockdata", "One.Test.Mockdata\One.Test.Mockdata.csproj", "{6D43C26E-81D1-4547-9C64-3B1082B03C9B}"
EndProject
Global
	GlobalSection(SolutionConfigurationPlatforms) = preSolution
		Debug|Any CPU = Debug|Any CPU
		Release|Any CPU = Release|Any CPU
	EndGlobalSection
	GlobalSection(ProjectConfigurationPlatforms) = postSolution
		{9C8AEF62-2569-4C7A-9956-5E326ADC9DCD}.Debug|Any CPU.ActiveCfg = Debug|Any CPU
		{9C8AEF62-2569-4C7A-9956-5E326ADC9DCD}.Debug|Any CPU.Build.0 = Debug|Any CPU
		{9C8AEF62-2569-4C7A-9956-5E326ADC9DCD}.Release|Any CPU.ActiveCfg = Release|Any CPU
		{9C8AEF62-2569-4C7A-9956-5E326ADC9DCD}.Release|Any CPU.Build.0 = Release|Any CPU
		{923C59A0-8B09-465E-9D73-3D7A674ADF96}.Debug|Any CPU.ActiveCfg = Debug|Any CPU
		{923C59A0-8B09-465E-9D73-3D7A674ADF96}.Debug|Any CPU.Build.0 = Debug|Any CPU
		{923C59A0-8B09-465E-9D73-3D7A674ADF96}.Release|Any CPU.ActiveCfg = Release|Any CPU
		{923C59A0-8B09-465E-9D73-3D7A674ADF96}.Release|Any CPU.Build.0 = Release|Any CPU
		{EE193313-B499-4DF8-8729-34F25B644917}.Debug|Any CPU.ActiveCfg = Debug|Any CPU
		{EE193313-B499-4DF8-8729-34F25B644917}.Debug|Any CPU.Build.0 = Debug|Any CPU
		{EE193313-B499-4DF8-8729-34F25B644917}.Release|Any CPU.ActiveCfg = Release|Any CPU
		{EE193313-B499-4DF8-8729-34F25B644917}.Release|Any CPU.Build.0 = Release|Any CPU
		{C9BCD5A1-D684-4029-90B0-A65A6B72706F}.Debug|Any CPU.ActiveCfg = Debug|Any CPU
		{C9BCD5A1-D684-4029-90B0-A65A6B72706F}.Debug|Any CPU.Build.0 = Debug|Any CPU
		{C9BCD5A1-D684-4029-90B0-A65A6B72706F}.Release|Any CPU.ActiveCfg = Release|Any CPU
		{C9BCD5A1-D684-4029-90B0-A65A6B72706F}.Release|Any CPU.Build.0 = Release|Any CPU
		{098CF66C-68A6-462D-8650-E571A0251F41}.Debug|Any CPU.ActiveCfg = Debug|Any CPU
		{098CF66C-68A6-462D-8650-E571A0251F41}.Debug|Any CPU.Build.0 = Debug|Any CPU
		{098CF66C-68A6-462D-8650-E571A0251F41}.Release|Any CPU.ActiveCfg = Release|Any CPU
		{098CF66C-68A6-462D-8650-E571A0251F41}.Release|Any CPU.Build.0 = Release|Any CPU
		{5E8A1B98-2BE4-4AE6-8B54-6C847702D5AD}.Debug|Any CPU.ActiveCfg = Debug|Any CPU
		{5E8A1B98-2BE4-4AE6-8B54-6C847702D5AD}.Debug|Any CPU.Build.0 = Debug|Any CPU
		{5E8A1B98-2BE4-4AE6-8B54-6C847702D5AD}.Release|Any CPU.ActiveCfg = Release|Any CPU
		{5E8A1B98-2BE4-4AE6-8B54-6C847702D5AD}.Release|Any CPU.Build.0 = Release|Any CPU
		{BB80BED3-91B3-4B07-B8FC-FF7B4DF5FD91}.Debug|Any CPU.ActiveCfg = Debug|Any CPU
		{BB80BED3-91B3-4B07-B8FC-FF7B4DF5FD91}.Debug|Any CPU.Build.0 = Debug|Any CPU
		{BB80BED3-91B3-4B07-B8FC-FF7B4DF5FD91}.Release|Any CPU.ActiveCfg = Release|Any CPU
		{BB80BED3-91B3-4B07-B8FC-FF7B4DF5FD91}.Release|Any CPU.Build.0 = Release|Any CPU
		{6D43C26E-81D1-4547-9C64-3B1082B03C9B}.Debug|Any CPU.ActiveCfg = Debug|Any CPU
		{6D43C26E-81D1-4547-9C64-3B1082B03C9B}.Debug|Any CPU.Build.0 = Debug|Any CPU
		{6D43C26E-81D1-4547-9C64-3B1082B03C9B}.Release|Any CPU.ActiveCfg = Release|Any CPU
		{6D43C26E-81D1-4547-9C64-3B1082B03C9B}.Release|Any CPU.Build.0 = Release|Any CPU
	EndGlobalSection
	GlobalSection(SolutionProperties) = preSolution
		HideSolutionNode = FALSE
	EndGlobalSection
	GlobalSection(NestedProjects) = preSolution
		{923C59A0-8B09-465E-9D73-3D7A674ADF96} = {CE18EC6D-6CD5-43F9-AF47-F95AF9CA0061}
		{EE193313-B499-4DF8-8729-34F25B644917} = {CE18EC6D-6CD5-43F9-AF47-F95AF9CA0061}
		{C9BCD5A1-D684-4029-90B0-A65A6B72706F} = {CE18EC6D-6CD5-43F9-AF47-F95AF9CA0061}
		{098CF66C-68A6-462D-8650-E571A0251F41} = {CE18EC6D-6CD5-43F9-AF47-F95AF9CA0061}
		{5E8A1B98-2BE4-4AE6-8B54-6C847702D5AD} = {293D9E3F-9358-454C-9858-E2538464C3E3}
		{BB80BED3-91B3-4B07-B8FC-FF7B4DF5FD91} = {293D9E3F-9358-454C-9858-E2538464C3E3}
		{6D43C26E-81D1-4547-9C64-3B1082B03C9B} = {293D9E3F-9358-454C-9858-E2538464C3E3}
	EndGlobalSection
EndGlobal
